
Microsoft Visual Studio Solution File, Format Version 12.00
# Visual Studio Version 16
VisualStudioVersion = 16.0.29920.165
MinimumVisualStudioVersion = 10.0.40219.1
Project("{FAE04EC0-301F-11D3-BF4B-00C04F79EFBC}") = "WPF_Binding", "WPF_Binding\WPF_Binding.csproj", "{E74C8F7A-D2E4-43AF-BA00-59EB77928ACD}"
EndProject
Project("{FAE04EC0-301F-11D3-BF4B-00C04F79EFBC}") = "Binding_via_codeBehind", "Binding_via_codeBehind\Binding_via_codeBehind.csproj", "{3920E978-BA53-4AD1-9C3E-39F3619B0BDB}"
EndProject
Project("{FAE04EC0-301F-11D3-BF4B-00C04F79EFBC}") = "WPF_Update", "WPF_Update\WPF_Update.csproj", "{B5CE9F1D-D9AB-4038-859C-9BA683DA7B83}"
EndProject
Project("{FAE04EC0-301F-11D3-BF4B-00C04F79EFBC}") = "WPF_Binding4", "WPF_Binding4\WPF_Binding4.csproj", "{C1FC494A-BC02-49C3-980E-D18F39C4A541}"
EndProject
Project("{FAE04EC0-301F-11D3-BF4B-00C04F79EFBC}") = "WPF_Bind_OneWayTOSource", "WPF_Bind_OneWayTOSource\WPF_Bind_OneWayTOSource.csproj", "{802EE285-EA93-47B4-A9AE-C386AA70EABE}"
EndProject
Project("{FAE04EC0-301F-11D3-BF4B-00C04F79EFBC}") = "WPF_StaticRes", "WPF_StaticRes\WPF_StaticRes.csproj", "{DDE5819D-503D-47AA-A3C9-4A22554F2505}"
EndProject
Project("{FAE04EC0-301F-11D3-BF4B-00C04F79EFBC}") = "WPF_INotify", "WPF_INotify\WPF_INotify.csproj", "{0F675EF1-C3F0-45BB-A75A-D2460397FC09}"
EndProject
Project("{FAE04EC0-301F-11D3-BF4B-00C04F79EFBC}") = "WPF_RelativeBinding", "WPF_RelativeBinding\WPF_RelativeBinding.csproj", "{E8814E19-7522-4392-A8BB-48F35A4AB193}"
EndProject
Project("{FAE04EC0-301F-11D3-BF4B-00C04F79EFBC}") = "WPF_Collections", "WPF_Collections\WPF_Collections.csproj", "{D4CE9711-B7D9-409F-85DE-1F08E66DA7AB}"
EndProject
Project("{FAE04EC0-301F-11D3-BF4B-00C04F79EFBC}") = "WPF_Converter", "WPF_Converter\WPF_Converter.csproj", "{460622BD-6BBF-409D-ACF7-0FDAA231393E}"
EndProject
Project("{2150E333-8FDC-42A3-9474-1A3956D46DE8}") = "AsyncAwait", "AsyncAwait", "{1F03E24A-CAC2-4CF7-A580-DA56576BB14D}"
EndProject
Project("{FAE04EC0-301F-11D3-BF4B-00C04F79EFBC}") = "SP_Async01", "SP_Async01\SP_Async01.csproj", "{E4B4CBAD-484B-4C2B-981A-4B4144D61AE5}"
EndProject
Project("{FAE04EC0-301F-11D3-BF4B-00C04F79EFBC}") = "SP_Async02", "SP_Async02\SP_Async02.csproj", "{6D0811B5-4E95-40EA-9FB4-EB808FA609E6}"
EndProject
Project("{FAE04EC0-301F-11D3-BF4B-00C04F79EFBC}") = "SP_Async03", "SP_Async03\SP_Async03.csproj", "{C9D3CB63-017F-404C-9DE0-08F85EDB4EE0}"
EndProject
Project("{FAE04EC0-301F-11D3-BF4B-00C04F79EFBC}") = "SP_Async04", "SP_Async04\SP_Async04.csproj", "{A3E6AFB4-C455-47D2-9ABD-0B854B3452CA}"
EndProject
Global
	GlobalSection(SolutionConfigurationPlatforms) = preSolution
		Debug|Any CPU = Debug|Any CPU
		Release|Any CPU = Release|Any CPU
	EndGlobalSection
	GlobalSection(ProjectConfigurationPlatforms) = postSolution
		{E74C8F7A-D2E4-43AF-BA00-59EB77928ACD}.Debug|Any CPU.ActiveCfg = Debug|Any CPU
		{E74C8F7A-D2E4-43AF-BA00-59EB77928ACD}.Debug|Any CPU.Build.0 = Debug|Any CPU
		{E74C8F7A-D2E4-43AF-BA00-59EB77928ACD}.Release|Any CPU.ActiveCfg = Release|Any CPU
		{E74C8F7A-D2E4-43AF-BA00-59EB77928ACD}.Release|Any CPU.Build.0 = Release|Any CPU
		{3920E978-BA53-4AD1-9C3E-39F3619B0BDB}.Debug|Any CPU.ActiveCfg = Debug|Any CPU
		{3920E978-BA53-4AD1-9C3E-39F3619B0BDB}.Debug|Any CPU.Build.0 = Debug|Any CPU
		{3920E978-BA53-4AD1-9C3E-39F3619B0BDB}.Release|Any CPU.ActiveCfg = Release|Any CPU
		{3920E978-BA53-4AD1-9C3E-39F3619B0BDB}.Release|Any CPU.Build.0 = Release|Any CPU
		{B5CE9F1D-D9AB-4038-859C-9BA683DA7B83}.Debug|Any CPU.ActiveCfg = Debug|Any CPU
		{B5CE9F1D-D9AB-4038-859C-9BA683DA7B83}.Debug|Any CPU.Build.0 = Debug|Any CPU
		{B5CE9F1D-D9AB-4038-859C-9BA683DA7B83}.Release|Any CPU.ActiveCfg = Release|Any CPU
		{B5CE9F1D-D9AB-4038-859C-9BA683DA7B83}.Release|Any CPU.Build.0 = Release|Any CPU
		{C1FC494A-BC02-49C3-980E-D18F39C4A541}.Debug|Any CPU.ActiveCfg = Debug|Any CPU
		{C1FC494A-BC02-49C3-980E-D18F39C4A541}.Debug|Any CPU.Build.0 = Debug|Any CPU
		{C1FC494A-BC02-49C3-980E-D18F39C4A541}.Release|Any CPU.ActiveCfg = Release|Any CPU
		{C1FC494A-BC02-49C3-980E-D18F39C4A541}.Release|Any CPU.Build.0 = Release|Any CPU
		{802EE285-EA93-47B4-A9AE-C386AA70EABE}.Debug|Any CPU.ActiveCfg = Debug|Any CPU
		{802EE285-EA93-47B4-A9AE-C386AA70EABE}.Debug|Any CPU.Build.0 = Debug|Any CPU
		{802EE285-EA93-47B4-A9AE-C386AA70EABE}.Release|Any CPU.ActiveCfg = Release|Any CPU
		{802EE285-EA93-47B4-A9AE-C386AA70EABE}.Release|Any CPU.Build.0 = Release|Any CPU
		{DDE5819D-503D-47AA-A3C9-4A22554F2505}.Debug|Any CPU.ActiveCfg = Debug|Any CPU
		{DDE5819D-503D-47AA-A3C9-4A22554F2505}.Debug|Any CPU.Build.0 = Debug|Any CPU
		{DDE5819D-503D-47AA-A3C9-4A22554F2505}.Release|Any CPU.ActiveCfg = Release|Any CPU
		{DDE5819D-503D-47AA-A3C9-4A22554F2505}.Release|Any CPU.Build.0 = Release|Any CPU
		{0F675EF1-C3F0-45BB-A75A-D2460397FC09}.Debug|Any CPU.ActiveCfg = Debug|Any CPU
		{0F675EF1-C3F0-45BB-A75A-D2460397FC09}.Debug|Any CPU.Build.0 = Debug|Any CPU
		{0F675EF1-C3F0-45BB-A75A-D2460397FC09}.Release|Any CPU.ActiveCfg = Release|Any CPU
		{0F675EF1-C3F0-45BB-A75A-D2460397FC09}.Release|Any CPU.Build.0 = Release|Any CPU
		{E8814E19-7522-4392-A8BB-48F35A4AB193}.Debug|Any CPU.ActiveCfg = Debug|Any CPU
		{E8814E19-7522-4392-A8BB-48F35A4AB193}.Debug|Any CPU.Build.0 = Debug|Any CPU
		{E8814E19-7522-4392-A8BB-48F35A4AB193}.Release|Any CPU.ActiveCfg = Release|Any CPU
		{E8814E19-7522-4392-A8BB-48F35A4AB193}.Release|Any CPU.Build.0 = Release|Any CPU
		{D4CE9711-B7D9-409F-85DE-1F08E66DA7AB}.Debug|Any CPU.ActiveCfg = Debug|Any CPU
		{D4CE9711-B7D9-409F-85DE-1F08E66DA7AB}.Debug|Any CPU.Build.0 = Debug|Any CPU
		{D4CE9711-B7D9-409F-85DE-1F08E66DA7AB}.Release|Any CPU.ActiveCfg = Release|Any CPU
		{D4CE9711-B7D9-409F-85DE-1F08E66DA7AB}.Release|Any CPU.Build.0 = Release|Any CPU
		{460622BD-6BBF-409D-ACF7-0FDAA231393E}.Debug|Any CPU.ActiveCfg = Debug|Any CPU
		{460622BD-6BBF-409D-ACF7-0FDAA231393E}.Debug|Any CPU.Build.0 = Debug|Any CPU
		{460622BD-6BBF-409D-ACF7-0FDAA231393E}.Release|Any CPU.ActiveCfg = Release|Any CPU
		{460622BD-6BBF-409D-ACF7-0FDAA231393E}.Release|Any CPU.Build.0 = Release|Any CPU
		{E4B4CBAD-484B-4C2B-981A-4B4144D61AE5}.Debug|Any CPU.ActiveCfg = Debug|Any CPU
		{E4B4CBAD-484B-4C2B-981A-4B4144D61AE5}.Debug|Any CPU.Build.0 = Debug|Any CPU
		{E4B4CBAD-484B-4C2B-981A-4B4144D61AE5}.Release|Any CPU.ActiveCfg = Release|Any CPU
		{E4B4CBAD-484B-4C2B-981A-4B4144D61AE5}.Release|Any CPU.Build.0 = Release|Any CPU
		{6D0811B5-4E95-40EA-9FB4-EB808FA609E6}.Debug|Any CPU.ActiveCfg = Debug|Any CPU
		{6D0811B5-4E95-40EA-9FB4-EB808FA609E6}.Debug|Any CPU.Build.0 = Debug|Any CPU
		{6D0811B5-4E95-40EA-9FB4-EB808FA609E6}.Release|Any CPU.ActiveCfg = Release|Any CPU
		{6D0811B5-4E95-40EA-9FB4-EB808FA609E6}.Release|Any CPU.Build.0 = Release|Any CPU
		{C9D3CB63-017F-404C-9DE0-08F85EDB4EE0}.Debug|Any CPU.ActiveCfg = Debug|Any CPU
		{C9D3CB63-017F-404C-9DE0-08F85EDB4EE0}.Debug|Any CPU.Build.0 = Debug|Any CPU
		{C9D3CB63-017F-404C-9DE0-08F85EDB4EE0}.Release|Any CPU.ActiveCfg = Release|Any CPU
		{C9D3CB63-017F-404C-9DE0-08F85EDB4EE0}.Release|Any CPU.Build.0 = Release|Any CPU
		{A3E6AFB4-C455-47D2-9ABD-0B854B3452CA}.Debug|Any CPU.ActiveCfg = Debug|Any CPU
		{A3E6AFB4-C455-47D2-9ABD-0B854B3452CA}.Debug|Any CPU.Build.0 = Debug|Any CPU
		{A3E6AFB4-C455-47D2-9ABD-0B854B3452CA}.Release|Any CPU.ActiveCfg = Release|Any CPU
		{A3E6AFB4-C455-47D2-9ABD-0B854B3452CA}.Release|Any CPU.Build.0 = Release|Any CPU
	EndGlobalSection
	GlobalSection(SolutionProperties) = preSolution
		HideSolutionNode = FALSE
	EndGlobalSection
	GlobalSection(NestedProjects) = preSolution
		{E4B4CBAD-484B-4C2B-981A-4B4144D61AE5} = {1F03E24A-CAC2-4CF7-A580-DA56576BB14D}
		{6D0811B5-4E95-40EA-9FB4-EB808FA609E6} = {1F03E24A-CAC2-4CF7-A580-DA56576BB14D}
		{C9D3CB63-017F-404C-9DE0-08F85EDB4EE0} = {1F03E24A-CAC2-4CF7-A580-DA56576BB14D}
		{A3E6AFB4-C455-47D2-9ABD-0B854B3452CA} = {1F03E24A-CAC2-4CF7-A580-DA56576BB14D}
	EndGlobalSection
	GlobalSection(ExtensibilityGlobals) = postSolution
		SolutionGuid = {922CF183-D7D1-409C-A3CE-F09B675BE3F3}
	EndGlobalSection
EndGlobal
